
Microsoft Visual Studio Solution File, Format Version 12.00
# Visual Studio Version 16
VisualStudioVersion = 16.0.32228.343
MinimumVisualStudioVersion = 10.0.40219.1
Project("{FAE04EC0-301F-11D3-BF4B-00C04F79EFBC}") = "Loops", "Loops\Loops.csproj", "{296E37E5-DFCC-4319-A6B6-23813C1635C3}"
EndProject
Project("{FAE04EC0-301F-11D3-BF4B-00C04F79EFBC}") = "LoopCounting", "LoopCounting\LoopCounting.csproj", "{4B68A9B6-A408-4055-B1CB-876FFE12CA70}"
EndProject
Project("{FAE04EC0-301F-11D3-BF4B-00C04F79EFBC}") = "RandomValue", "RandomValue\RandomValue.csproj", "{0E18DF64-EF5C-4AB1-A27A-F54CAA23065C}"
EndProject
Project("{FAE04EC0-301F-11D3-BF4B-00C04F79EFBC}") = "ForLoopPINValidation", "ForLoopPINValidation\ForLoopPINValidation.csproj", "{29AF5A9B-DE77-4692-9832-9171D8990AE8}"
EndProject
Project("{FAE04EC0-301F-11D3-BF4B-00C04F79EFBC}") = "CalculateSumInLoop", "CalculateSumInLoop\CalculateSumInLoop.csproj", "{8924B512-1A80-45ED-8E8C-02B29B447342}"
EndProject
Global
	GlobalSection(SolutionConfigurationPlatforms) = preSolution
		Debug|Any CPU = Debug|Any CPU
		Release|Any CPU = Release|Any CPU
	EndGlobalSection
	GlobalSection(ProjectConfigurationPlatforms) = postSolution
		{296E37E5-DFCC-4319-A6B6-23813C1635C3}.Debug|Any CPU.ActiveCfg = Debug|Any CPU
		{296E37E5-DFCC-4319-A6B6-23813C1635C3}.Debug|Any CPU.Build.0 = Debug|Any CPU
		{296E37E5-DFCC-4319-A6B6-23813C1635C3}.Release|Any CPU.ActiveCfg = Release|Any CPU
		{296E37E5-DFCC-4319-A6B6-23813C1635C3}.Release|Any CPU.Build.0 = Release|Any CPU
		{4B68A9B6-A408-4055-B1CB-876FFE12CA70}.Debug|Any CPU.ActiveCfg = Debug|Any CPU
		{4B68A9B6-A408-4055-B1CB-876FFE12CA70}.Debug|Any CPU.Build.0 = Debug|Any CPU
		{4B68A9B6-A408-4055-B1CB-876FFE12CA70}.Release|Any CPU.ActiveCfg = Release|Any CPU
		{4B68A9B6-A408-4055-B1CB-876FFE12CA70}.Release|Any CPU.Build.0 = Release|Any CPU
		{0E18DF64-EF5C-4AB1-A27A-F54CAA23065C}.Debug|Any CPU.ActiveCfg = Debug|Any CPU
		{0E18DF64-EF5C-4AB1-A27A-F54CAA23065C}.Debug|Any CPU.Build.0 = Debug|Any CPU
		{0E18DF64-EF5C-4AB1-A27A-F54CAA23065C}.Release|Any CPU.ActiveCfg = Release|Any CPU
		{0E18DF64-EF5C-4AB1-A27A-F54CAA23065C}.Release|Any CPU.Build.0 = Release|Any CPU
		{29AF5A9B-DE77-4692-9832-9171D8990AE8}.Debug|Any CPU.ActiveCfg = Debug|Any CPU
		{29AF5A9B-DE77-4692-9832-9171D8990AE8}.Debug|Any CPU.Build.0 = Debug|Any CPU
		{29AF5A9B-DE77-4692-9832-9171D8990AE8}.Release|Any CPU.ActiveCfg = Release|Any CPU
		{29AF5A9B-DE77-4692-9832-9171D8990AE8}.Release|Any CPU.Build.0 = Release|Any CPU
		{8924B512-1A80-45ED-8E8C-02B29B447342}.Debug|Any CPU.ActiveCfg = Debug|Any CPU
		{8924B512-1A80-45ED-8E8C-02B29B447342}.Debug|Any CPU.Build.0 = Debug|Any CPU
		{8924B512-1A80-45ED-8E8C-02B29B447342}.Release|Any CPU.ActiveCfg = Release|Any CPU
		{8924B512-1A80-45ED-8E8C-02B29B447342}.Release|Any CPU.Build.0 = Release|Any CPU
	EndGlobalSection
	GlobalSection(SolutionProperties) = preSolution
		HideSolutionNode = FALSE
	EndGlobalSection
	GlobalSection(ExtensibilityGlobals) = postSolution
		SolutionGuid = {B55C34E6-B20C-4B09-8FFB-E24994F832E2}
	EndGlobalSection
EndGlobal
